// !$*UTF8*$!
{
	archiveVersion = 1;
	classes = {
	};
	objectVersion = 46;
	objects = {

/* Begin PBXBuildFile section */
		B26C6F9D1C8A644E0023792A /* IBDesignableArrowViewTests.swift in Sources */ = {isa = PBXBuildFile; fileRef = B26C6F9C1C8A644E0023792A /* IBDesignableArrowViewTests.swift */; };
		B26C6FA81C8A644E0023792A /* IBDesignableArrowViewUITests.swift in Sources */ = {isa = PBXBuildFile; fileRef = B26C6FA71C8A644E0023792A /* IBDesignableArrowViewUITests.swift */; };
		B26C6FBF1C8A64910023792A /* AppDelegate.swift in Sources */ = {isa = PBXBuildFile; fileRef = B26C6FB61C8A64910023792A /* AppDelegate.swift */; };
		B26C6FC01C8A64910023792A /* Assets.xcassets in Resources */ = {isa = PBXBuildFile; fileRef = B26C6FB71C8A64910023792A /* Assets.xcassets */; };
		B26C6FC11C8A64910023792A /* LaunchScreen.storyboard in Resources */ = {isa = PBXBuildFile; fileRef = B26C6FB81C8A64910023792A /* LaunchScreen.storyboard */; };
		B26C6FC21C8A64910023792A /* Main.storyboard in Resources */ = {isa = PBXBuildFile; fileRef = B26C6FBA1C8A64910023792A /* Main.storyboard */; };
		B26C6FC31C8A64910023792A /* Info.plist in Resources */ = {isa = PBXBuildFile; fileRef = B26C6FBC1C8A64910023792A /* Info.plist */; };
		B26C6FC41C8A64910023792A /* ViewController.swift in Sources */ = {isa = PBXBuildFile; fileRef = B26C6FBD1C8A64910023792A /* ViewController.swift */; };
		B26C6FC61C8A64EC0023792A /* IBDesignableArrowView.swift in Sources */ = {isa = PBXBuildFile; fileRef = B26C6FC51C8A64EC0023792A /* IBDesignableArrowView.swift */; };
/* End PBXBuildFile section */

/* Begin PBXContainerItemProxy section */
		B26C6F991C8A644E0023792A /* PBXContainerItemProxy */ = {
			isa = PBXContainerItemProxy;
			containerPortal = B26C6F7C1C8A644E0023792A /* Project object */;
			proxyType = 1;
			remoteGlobalIDString = B26C6F831C8A644E0023792A;
			remoteInfo = IBDesignableArrowView;
		};
		B26C6FA41C8A644E0023792A /* PBXContainerItemProxy */ = {
			isa = PBXContainerItemProxy;
			containerPortal = B26C6F7C1C8A644E0023792A /* Project object */;
			proxyType = 1;
			remoteGlobalIDString = B26C6F831C8A644E0023792A;
			remoteInfo = IBDesignableArrowView;
		};
/* End PBXContainerItemProxy section */

/* Begin PBXFileReference section */
		B26C6F841C8A644E0023792A /* IBDesignableArrowView.app */ = {isa = PBXFileReference; explicitFileType = wrapper.application; includeInIndex = 0; path = IBDesignableArrowView.app; sourceTree = BUILT_PRODUCTS_DIR; };
		B26C6F981C8A644E0023792A /* IBDesignableArrowViewTests.xctest */ = {isa = PBXFileReference; explicitFileType = wrapper.cfbundle; includeInIndex = 0; path = IBDesignableArrowViewTests.xctest; sourceTree = BUILT_PRODUCTS_DIR; };
		B26C6F9C1C8A644E0023792A /* IBDesignableArrowViewTests.swift */ = {isa = PBXFileReference; lastKnownFileType = sourcecode.swift; path = IBDesignableArrowViewTests.swift; sourceTree = "<group>"; };
		B26C6F9E1C8A644E0023792A /* Info.plist */ = {isa = PBXFileReference; lastKnownFileType = text.plist.xml; path = Info.plist; sourceTree = "<group>"; };
		B26C6FA31C8A644E0023792A /* IBDesignableArrowViewUITests.xctest */ = {isa = PBXFileReference; explicitFileType = wrapper.cfbundle; includeInIndex = 0; path = IBDesignableArrowViewUITests.xctest; sourceTree = BUILT_PRODUCTS_DIR; };
		B26C6FA71C8A644E0023792A /* IBDesignableArrowViewUITests.swift */ = {isa = PBXFileReference; lastKnownFileType = sourcecode.swift; path = IBDesignableArrowViewUITests.swift; sourceTree = "<group>"; };
		B26C6FA91C8A644F0023792A /* Info.plist */ = {isa = PBXFileReference; lastKnownFileType = text.plist.xml; path = Info.plist; sourceTree = "<group>"; };
		B26C6FB61C8A64910023792A /* AppDelegate.swift */ = {isa = PBXFileReference; fileEncoding = 4; lastKnownFileType = sourcecode.swift; path = AppDelegate.swift; sourceTree = "<group>"; };
		B26C6FB71C8A64910023792A /* Assets.xcassets */ = {isa = PBXFileReference; lastKnownFileType = folder.assetcatalog; path = Assets.xcassets; sourceTree = "<group>"; };
		B26C6FB91C8A64910023792A /* Base */ = {isa = PBXFileReference; lastKnownFileType = file.storyboard; name = Base; path = Base.lproj/LaunchScreen.storyboard; sourceTree = "<group>"; };
		B26C6FBB1C8A64910023792A /* Base */ = {isa = PBXFileReference; lastKnownFileType = file.storyboard; name = Base; path = Base.lproj/Main.storyboard; sourceTree = "<group>"; };
		B26C6FBC1C8A64910023792A /* Info.plist */ = {isa = PBXFileReference; fileEncoding = 4; lastKnownFileType = text.plist.xml; path = Info.plist; sourceTree = "<group>"; };
		B26C6FBD1C8A64910023792A /* ViewController.swift */ = {isa = PBXFileReference; fileEncoding = 4; lastKnownFileType = sourcecode.swift; path = ViewController.swift; sourceTree = "<group>"; };
		B26C6FC51C8A64EC0023792A /* IBDesignableArrowView.swift */ = {isa = PBXFileReference; fileEncoding = 4; lastKnownFileType = sourcecode.swift; path = IBDesignableArrowView.swift; sourceTree = "<group>"; };
/* End PBXFileReference section */

/* Begin PBXFrameworksBuildPhase section */
		B26C6F811C8A644E0023792A /* Frameworks */ = {
			isa = PBXFrameworksBuildPhase;
			buildActionMask = 2147483647;
			files = (
			);
			runOnlyForDeploymentPostprocessing = 0;
		};
		B26C6F951C8A644E0023792A /* Frameworks */ = {
			isa = PBXFrameworksBuildPhase;
			buildActionMask = 2147483647;
			files = (
			);
			runOnlyForDeploymentPostprocessing = 0;
		};
		B26C6FA01C8A644E0023792A /* Frameworks */ = {
			isa = PBXFrameworksBuildPhase;
			buildActionMask = 2147483647;
			files = (
			);
			runOnlyForDeploymentPostprocessing = 0;
		};
/* End PBXFrameworksBuildPhase section */

/* Begin PBXGroup section */
		B26C6F7B1C8A644E0023792A = {
			isa = PBXGroup;
			children = (
				B26C6F861C8A644E0023792A /* IBDesignableArrowView */,
				B26C6F9B1C8A644E0023792A /* IBDesignableArrowViewTests */,
				B26C6FA61C8A644E0023792A /* IBDesignableArrowViewUITests */,
				B26C6F851C8A644E0023792A /* Products */,
			);
			sourceTree = "<group>";
		};
		B26C6F851C8A644E0023792A /* Products */ = {
			isa = PBXGroup;
			children = (
				B26C6F841C8A644E0023792A /* IBDesignableArrowView.app */,
				B26C6F981C8A644E0023792A /* IBDesignableArrowViewTests.xctest */,
				B26C6FA31C8A644E0023792A /* IBDesignableArrowViewUITests.xctest */,
			);
			name = Products;
			sourceTree = "<group>";
		};
		B26C6F861C8A644E0023792A /* IBDesignableArrowView */ = {
			isa = PBXGroup;
			children = (
				B26C6FB51C8A64910023792A /* Demo */,
				B26C6FBE1C8A64910023792A /* IBDesignableArrowView */,
			);
			path = IBDesignableArrowView;
			sourceTree = "<group>";
		};
		B26C6F9B1C8A644E0023792A /* IBDesignableArrowViewTests */ = {
			isa = PBXGroup;
			children = (
				B26C6F9C1C8A644E0023792A /* IBDesignableArrowViewTests.swift */,
				B26C6F9E1C8A644E0023792A /* Info.plist */,
			);
			path = IBDesignableArrowViewTests;
			sourceTree = "<group>";
		};
		B26C6FA61C8A644E0023792A /* IBDesignableArrowViewUITests */ = {
			isa = PBXGroup;
			children = (
				B26C6FA71C8A644E0023792A /* IBDesignableArrowViewUITests.swift */,
				B26C6FA91C8A644F0023792A /* Info.plist */,
			);
			path = IBDesignableArrowViewUITests;
			sourceTree = "<group>";
		};
		B26C6FB51C8A64910023792A /* Demo */ = {
			isa = PBXGroup;
			children = (
				B26C6FB61C8A64910023792A /* AppDelegate.swift */,
				B26C6FBD1C8A64910023792A /* ViewController.swift */,
				B26C6FB71C8A64910023792A /* Assets.xcassets */,
				B26C6FB81C8A64910023792A /* LaunchScreen.storyboard */,
				B26C6FBA1C8A64910023792A /* Main.storyboard */,
				B26C6FBC1C8A64910023792A /* Info.plist */,
			);
			path = Demo;
			sourceTree = "<group>";
		};
		B26C6FBE1C8A64910023792A /* IBDesignableArrowView */ = {
			isa = PBXGroup;
			children = (
				B26C6FC51C8A64EC0023792A /* IBDesignableArrowView.swift */,
			);
			path = IBDesignableArrowView;
			sourceTree = "<group>";
		};
/* End PBXGroup section */

/* Begin PBXNativeTarget section */
		B26C6F831C8A644E0023792A /* IBDesignableArrowView */ = {
			isa = PBXNativeTarget;
			buildConfigurationList = B26C6FAC1C8A644F0023792A /* Build configuration list for PBXNativeTarget "IBDesignableArrowView" */;
			buildPhases = (
				B26C6F801C8A644E0023792A /* Sources */,
				B26C6F811C8A644E0023792A /* Frameworks */,
				B26C6F821C8A644E0023792A /* Resources */,
			);
			buildRules = (
			);
			dependencies = (
			);
			name = IBDesignableArrowView;
			productName = IBDesignableArrowView;
			productReference = B26C6F841C8A644E0023792A /* IBDesignableArrowView.app */;
			productType = "com.apple.product-type.application";
		};
		B26C6F971C8A644E0023792A /* IBDesignableArrowViewTests */ = {
			isa = PBXNativeTarget;
			buildConfigurationList = B26C6FAF1C8A644F0023792A /* Build configuration list for PBXNativeTarget "IBDesignableArrowViewTests" */;
			buildPhases = (
				B26C6F941C8A644E0023792A /* Sources */,
				B26C6F951C8A644E0023792A /* Frameworks */,
				B26C6F961C8A644E0023792A /* Resources */,
			);
			buildRules = (
			);
			dependencies = (
				B26C6F9A1C8A644E0023792A /* PBXTargetDependency */,
			);
			name = IBDesignableArrowViewTests;
			productName = IBDesignableArrowViewTests;
			productReference = B26C6F981C8A644E0023792A /* IBDesignableArrowViewTests.xctest */;
			productType = "com.apple.product-type.bundle.unit-test";
		};
		B26C6FA21C8A644E0023792A /* IBDesignableArrowViewUITests */ = {
			isa = PBXNativeTarget;
			buildConfigurationList = B26C6FB21C8A644F0023792A /* Build configuration list for PBXNativeTarget "IBDesignableArrowViewUITests" */;
			buildPhases = (
				B26C6F9F1C8A644E0023792A /* Sources */,
				B26C6FA01C8A644E0023792A /* Frameworks */,
				B26C6FA11C8A644E0023792A /* Resources */,
			);
			buildRules = (
			);
			dependencies = (
				B26C6FA51C8A644E0023792A /* PBXTargetDependency */,
			);
			name = IBDesignableArrowViewUITests;
			productName = IBDesignableArrowViewUITests;
			productReference = B26C6FA31C8A644E0023792A /* IBDesignableArrowViewUITests.xctest */;
			productType = "com.apple.product-type.bundle.ui-testing";
		};
/* End PBXNativeTarget section */

/* Begin PBXProject section */
		B26C6F7C1C8A644E0023792A /* Project object */ = {
			isa = PBXProject;
			attributes = {
				LastSwiftUpdateCheck = 0720;
				LastUpgradeCheck = 0720;
				ORGANIZATIONNAME = MovieLaLa;
				TargetAttributes = {
					B26C6F831C8A644E0023792A = {
						CreatedOnToolsVersion = 7.2.1;
					};
					B26C6F971C8A644E0023792A = {
						CreatedOnToolsVersion = 7.2.1;
						TestTargetID = B26C6F831C8A644E0023792A;
					};
					B26C6FA21C8A644E0023792A = {
						CreatedOnToolsVersion = 7.2.1;
						TestTargetID = B26C6F831C8A644E0023792A;
					};
				};
			};
			buildConfigurationList = B26C6F7F1C8A644E0023792A /* Build configuration list for PBXProject "IBDesignableArrowView" */;
			compatibilityVersion = "Xcode 3.2";
			developmentRegion = English;
			hasScannedForEncodings = 0;
			knownRegions = (
				en,
				Base,
			);
			mainGroup = B26C6F7B1C8A644E0023792A;
			productRefGroup = B26C6F851C8A644E0023792A /* Products */;
			projectDirPath = "";
			projectRoot = "";
			targets = (
				B26C6F831C8A644E0023792A /* IBDesignableArrowView */,
				B26C6F971C8A644E0023792A /* IBDesignableArrowViewTests */,
				B26C6FA21C8A644E0023792A /* IBDesignableArrowViewUITests */,
			);
		};
/* End PBXProject section */

/* Begin PBXResourcesBuildPhase section */
		B26C6F821C8A644E0023792A /* Resources */ = {
			isa = PBXResourcesBuildPhase;
			buildActionMask = 2147483647;
			files = (
				B26C6FC31C8A64910023792A /* Info.plist in Resources */,
				B26C6FC21C8A64910023792A /* Main.storyboard in Resources */,
				B26C6FC01C8A64910023792A /* Assets.xcassets in Resources */,
				B26C6FC11C8A64910023792A /* LaunchScreen.storyboard in Resources */,
			);
			runOnlyForDeploymentPostprocessing = 0;
		};
		B26C6F961C8A644E0023792A /* Resources */ = {
			isa = PBXResourcesBuildPhase;
			buildActionMask = 2147483647;
			files = (
			);
			runOnlyForDeploymentPostprocessing = 0;
		};
		B26C6FA11C8A644E0023792A /* Resources */ = {
			isa = PBXResourcesBuildPhase;
			buildActionMask = 2147483647;
			files = (
			);
			runOnlyForDeploymentPostprocessing = 0;
		};
/* End PBXResourcesBuildPhase section */

/* Begin PBXSourcesBuildPhase section */
		B26C6F801C8A644E0023792A /* Sources */ = {
			isa = PBXSourcesBuildPhase;
			buildActionMask = 2147483647;
			files = (
				B26C6FC61C8A64EC0023792A /* IBDesignableArrowView.swift in Sources */,
				B26C6FC41C8A64910023792A /* ViewController.swift in Sources */,
				B26C6FBF1C8A64910023792A /* AppDelegate.swift in Sources */,
			);
			runOnlyForDeploymentPostprocessing = 0;
		};
		B26C6F941C8A644E0023792A /* Sources */ = {
			isa = PBXSourcesBuildPhase;
			buildActionMask = 2147483647;
			files = (
				B26C6F9D1C8A644E0023792A /* IBDesignableArrowViewTests.swift in Sources */,
			);
			runOnlyForDeploymentPostprocessing = 0;
		};
		B26C6F9F1C8A644E0023792A /* Sources */ = {
			isa = PBXSourcesBuildPhase;
			buildActionMask = 2147483647;
			files = (
				B26C6FA81C8A644E0023792A /* IBDesignableArrowViewUITests.swift in Sources */,
			);
			runOnlyForDeploymentPostprocessing = 0;
		};
/* End PBXSourcesBuildPhase section */

/* Begin PBXTargetDependency section */
		B26C6F9A1C8A644E0023792A /* PBXTargetDependency */ = {
			isa = PBXTargetDependency;
			target = B26C6F831C8A644E0023792A /* IBDesignableArrowView */;
			targetProxy = B26C6F991C8A644E0023792A /* PBXContainerItemProxy */;
		};
		B26C6FA51C8A644E0023792A /* PBXTargetDependency */ = {
			isa = PBXTargetDependency;
			target = B26C6F831C8A644E0023792A /* IBDesignableArrowView */;
			targetProxy = B26C6FA41C8A644E0023792A /* PBXContainerItemProxy */;
		};
/* End PBXTargetDependency section */

/* Begin PBXVariantGroup section */
		B26C6FB81C8A64910023792A /* LaunchScreen.storyboard */ = {
			isa = PBXVariantGroup;
			children = (
				B26C6FB91C8A64910023792A /* Base */,
			);
			name = LaunchScreen.storyboard;
			sourceTree = "<group>";
		};
		B26C6FBA1C8A64910023792A /* Main.storyboard */ = {
			isa = PBXVariantGroup;
			children = (
				B26C6FBB1C8A64910023792A /* Base */,
			);
			name = Main.storyboard;
			sourceTree = "<group>";
		};
/* End PBXVariantGroup section */

/* Begin XCBuildConfiguration section */
		B26C6FAA1C8A644F0023792A /* Debug */ = {
			isa = XCBuildConfiguration;
			buildSettings = {
				ALWAYS_SEARCH_USER_PATHS = NO;
				CLANG_CXX_LANGUAGE_STANDARD = "gnu++0x";
				CLANG_CXX_LIBRARY = "libc++";
				CLANG_ENABLE_MODULES = YES;
				CLANG_ENABLE_OBJC_ARC = YES;
				CLANG_WARN_BOOL_CONVERSION = YES;
				CLANG_WARN_CONSTANT_CONVERSION = YES;
				CLANG_WARN_DIRECT_OBJC_ISA_USAGE = YES_ERROR;
				CLANG_WARN_EMPTY_BODY = YES;
				CLANG_WARN_ENUM_CONVERSION = YES;
				CLANG_WARN_INT_CONVERSION = YES;
				CLANG_WARN_OBJC_ROOT_CLASS = YES_ERROR;
				CLANG_WARN_UNREACHABLE_CODE = YES;
				CLANG_WARN__DUPLICATE_METHOD_MATCH = YES;
				"CODE_SIGN_IDENTITY[sdk=iphoneos*]" = "iPhone Developer";
				COPY_PHASE_STRIP = NO;
				DEBUG_INFORMATION_FORMAT = dwarf;
				ENABLE_STRICT_OBJC_MSGSEND = YES;
				ENABLE_TESTABILITY = YES;
				GCC_C_LANGUAGE_STANDARD = gnu99;
				GCC_DYNAMIC_NO_PIC = NO;
				GCC_NO_COMMON_BLOCKS = YES;
				GCC_OPTIMIZATION_LEVEL = 0;
				GCC_PREPROCESSOR_DEFINITIONS = (
					"DEBUG=1",
					"$(inherited)",
				);
				GCC_WARN_64_TO_32_BIT_CONVERSION = YES;
				GCC_WARN_ABOUT_RETURN_TYPE = YES_ERROR;
				GCC_WARN_UNDECLARED_SELECTOR = YES;
				GCC_WARN_UNINITIALIZED_AUTOS = YES_AGGRESSIVE;
				GCC_WARN_UNUSED_FUNCTION = YES;
				GCC_WARN_UNUSED_VARIABLE = YES;
				IPHONEOS_DEPLOYMENT_TARGET = 9.2;
				MTL_ENABLE_DEBUG_INFO = YES;
				ONLY_ACTIVE_ARCH = YES;
				SDKROOT = iphoneos;
				SWIFT_OPTIMIZATION_LEVEL = "-Onone";
				TARGETED_DEVICE_FAMILY = "1,2";
			};
			name = Debug;
		};
		B26C6FAB1C8A644F0023792A /* Release */ = {
			isa = XCBuildConfiguration;
			buildSettings = {
				ALWAYS_SEARCH_USER_PATHS = NO;
				CLANG_CXX_LANGUAGE_STANDARD = "gnu++0x";
				CLANG_CXX_LIBRARY = "libc++";
				CLANG_ENABLE_MODULES = YES;
				CLANG_ENABLE_OBJC_ARC = YES;
				CLANG_WARN_BOOL_CONVERSION = YES;
				CLANG_WARN_CONSTANT_CONVERSION = YES;
				CLANG_WARN_DIRECT_OBJC_ISA_USAGE = YES_ERROR;
				CLANG_WARN_EMPTY_BODY = YES;
				CLANG_WARN_ENUM_CONVERSION = YES;
				CLANG_WARN_INT_CONVERSION = YES;
				CLANG_WARN_OBJC_ROOT_CLASS = YES_ERROR;
				CLANG_WARN_UNREACHABLE_CODE = YES;
				CLANG_WARN__DUPLICATE_METHOD_MATCH = YES;
				"CODE_SIGN_IDENTITY[sdk=iphoneos*]" = "iPhone Developer";
				COPY_PHASE_STRIP = NO;
				DEBUG_INFORMATION_FORMAT = "dwarf-with-dsym";
				ENABLE_NS_ASSERTIONS = NO;
				ENABLE_STRICT_OBJC_MSGSEND = YES;
				GCC_C_LANGUAGE_STANDARD = gnu99;
				GCC_NO_COMMON_BLOCKS = YES;
				GCC_WARN_64_TO_32_BIT_CONVERSION = YES;
				GCC_WARN_ABOUT_RETURN_TYPE = YES_ERROR;
				GCC_WARN_UNDECLARED_SELECTOR = YES;
				GCC_WARN_UNINITIALIZED_AUTOS = YES_AGGRESSIVE;
				GCC_WARN_UNUSED_FUNCTION = YES;
				GCC_WARN_UNUSED_VARIABLE = YES;
				IPHONEOS_DEPLOYMENT_TARGET = 9.2;
				MTL_ENABLE_DEBUG_INFO = NO;
				SDKROOT = iphoneos;
				TARGETED_DEVICE_FAMILY = "1,2";
				VALIDATE_PRODUCT = YES;
			};
			name = Release;
		};
		B26C6FAD1C8A644F0023792A /* Debug */ = {
			isa = XCBuildConfiguration;
			buildSettings = {
				ASSETCATALOG_COMPILER_APPICON_NAME = AppIcon;
				INFOPLIST_FILE = "$(SRCROOT)/IBDesignableArrowView/Demo/Info.plist";
				IPHONEOS_DEPLOYMENT_TARGET = 9.0;
				LD_RUNPATH_SEARCH_PATHS = "$(inherited) @executable_path/Frameworks";
				PRODUCT_BUNDLE_IDENTIFIER = com.movielala.IBDesignableArrowView;
				PRODUCT_NAME = "$(TARGET_NAME)";
			};
			name = Debug;
		};
		B26C6FAE1C8A644F0023792A /* Release */ = {
			isa = XCBuildConfiguration;
			buildSettings = {
				ASSETCATALOG_COMPILER_APPICON_NAME = AppIcon;
				INFOPLIST_FILE = "$(SRCROOT)/IBDesignableArrowView/Demo/Info.plist";
				IPHONEOS_DEPLOYMENT_TARGET = 9.0;
				LD_RUNPATH_SEARCH_PATHS = "$(inherited) @executable_path/Frameworks";
				PRODUCT_BUNDLE_IDENTIFIER = com.movielala.IBDesignableArrowView;
				PRODUCT_NAME = "$(TARGET_NAME)";
			};
			name = Release;
		};
		B26C6FB01C8A644F0023792A /* Debug */ = {
			isa = XCBuildConfiguration;
			buildSettings = {
				BUNDLE_LOADER = "$(TEST_HOST)";
				INFOPLIST_FILE = IBDesignableArrowViewTests/Info.plist;
				LD_RUNPATH_SEARCH_PATHS = "$(inherited) @executable_path/Frameworks @loader_path/Frameworks";
				PRODUCT_BUNDLE_IDENTIFIER = com.movielala.IBDesignableArrowViewTests;
				PRODUCT_NAME = "$(TARGET_NAME)";
				TEST_HOST = "$(BUILT_PRODUCTS_DIR)/IBDesignableArrowView.app/IBDesignableArrowView";
			};
			name = Debug;
		};
		B26C6FB11C8A644F0023792A /* Release */ = {
			isa = XCBuildConfiguration;
			buildSettings = {
				BUNDLE_LOADER = "$(TEST_HOST)";
				INFOPLIST_FILE = IBDesignableArrowViewTests/Info.plist;
				LD_RUNPATH_SEARCH_PATHS = "$(inherited) @executable_path/Frameworks @loader_path/Frameworks";
				PRODUCT_BUNDLE_IDENTIFIER = com.movielala.IBDesignableArrowViewTests;
				PRODUCT_NAME = "$(TARGET_NAME)";
				TEST_HOST = "$(BUILT_PRODUCTS_DIR)/IBDesignableArrowView.app/IBDesignableArrowView";
			};
			name = Release;
		};
		B26C6FB31C8A644F0023792A /* Debug */ = {
			isa = XCBuildConfiguration;
			buildSettings = {
				INFOPLIST_FILE = IBDesignableArrowViewUITests/Info.plist;
				LD_RUNPATH_SEARCH_PATHS = "$(inherited) @executable_path/Frameworks @loader_path/Frameworks";
				PRODUCT_BUNDLE_IDENTIFIER = com.movielala.IBDesignableArrowViewUITests;
				PRODUCT_NAME = "$(TARGET_NAME)";
				TEST_TARGET_NAME = IBDesignableArrowView;
				USES_XCTRUNNER = YES;
			};
			name = Debug;
		};
		B26C6FB41C8A644F0023792A /* Release */ = {
			isa = XCBuildConfiguration;
			buildSettings = {
				INFOPLIST_FILE = IBDesignableArrowViewUITests/Info.plist;
				LD_RUNPATH_SEARCH_PATHS = "$(inherited) @executable_path/Frameworks @loader_path/Frameworks";
				PRODUCT_BUNDLE_IDENTIFIER = com.movielala.IBDesignableArrowViewUITests;
				PRODUCT_NAME = "$(TARGET_NAME)";
				TEST_TARGET_NAME = IBDesignableArrowView;
				USES_XCTRUNNER = YES;
			};
			name = Release;
		};
/* End XCBuildConfiguration section */

/* Begin XCConfigurationList section */
		B26C6F7F1C8A644E0023792A /* Build configuration list for PBXProject "IBDesignableArrowView" */ = {
			isa = XCConfigurationList;
			buildConfigurations = (
				B26C6FAA1C8A644F0023792A /* Debug */,
				B26C6FAB1C8A644F0023792A /* Release */,
			);
			defaultConfigurationIsVisible = 0;
			defaultConfigurationName = Release;
		};
		B26C6FAC1C8A644F0023792A /* Build configuration list for PBXNativeTarget "IBDesignableArrowView" */ = {
			isa = XCConfigurationList;
			buildConfigurations = (
				B26C6FAD1C8A644F0023792A /* Debug */,
				B26C6FAE1C8A644F0023792A /* Release */,
			);
			defaultConfigurationIsVisible = 0;
		};
		B26C6FAF1C8A644F0023792A /* Build configuration list for PBXNativeTarget "IBDesignableArrowViewTests" */ = {
			isa = XCConfigurationList;
			buildConfigurations = (
				B26C6FB01C8A644F0023792A /* Debug */,
				B26C6FB11C8A644F0023792A /* Release */,
			);
			defaultConfigurationIsVisible = 0;
		};
		B26C6FB21C8A644F0023792A /* Build configuration list for PBXNativeTarget "IBDesignableArrowViewUITests" */ = {
			isa = XCConfigurationList;
			buildConfigurations = (
				B26C6FB31C8A644F0023792A /* Debug */,
				B26C6FB41C8A644F0023792A /* Release */,
			);
			defaultConfigurationIsVisible = 0;
		};
/* End XCConfigurationList section */
	};
	rootObject = B26C6F7C1C8A644E0023792A /* Project object */;
}
